
Microsoft Visual Studio Solution File, Format Version 12.00
# Visual Studio Version 17
VisualStudioVersion = 17.10.35013.160
MinimumVisualStudioVersion = 10.0.40219.1
Project("{FAE04EC0-301F-11D3-BF4B-00C04F79EFBC}") = "Salary_Project", "Salary_Project.csproj", "{1D59D048-E1AF-4711-A91A-344507A3506D}"
EndProject
Global
	GlobalSection(SolutionConfigurationPlatforms) = preSolution
		Debug|Any CPU = Debug|Any CPU
		Release|Any CPU = Release|Any CPU
	EndGlobalSection
	GlobalSection(ProjectConfigurationPlatforms) = postSolution
		{1D59D048-E1AF-4711-A91A-344507A3506D}.Debug|Any CPU.ActiveCfg = Debug|Any CPU
		{1D59D048-E1AF-4711-A91A-344507A3506D}.Debug|Any CPU.Build.0 = Debug|Any CPU
		{1D59D048-E1AF-4711-A91A-344507A3506D}.Release|Any CPU.ActiveCfg = Release|Any CPU
		{1D59D048-E1AF-4711-A91A-344507A3506D}.Release|Any CPU.Build.0 = Release|Any CPU
	EndGlobalSection
	GlobalSection(SolutionProperties) = preSolution
		HideSolutionNode = FALSE
	EndGlobalSection
	GlobalSection(ExtensibilityGlobals) = postSolution
		SolutionGuid = {07BCCAE2-B3F0-412C-83FD-FBAC5240195F}
	EndGlobalSection
EndGlobal
