
Microsoft Visual Studio Solution File, Format Version 12.00
# Visual Studio Version 17
VisualStudioVersion = 17.10.34916.146
MinimumVisualStudioVersion = 10.0.40219.1
Project("{FAE04EC0-301F-11D3-BF4B-00C04F79EFBC}") = "Bus", "Bus.csproj", "{D7FF17B9-BA49-49CA-B27E-F5AB79831E8A}"
EndProject
Global
	GlobalSection(SolutionConfigurationPlatforms) = preSolution
		Debug|Any CPU = Debug|Any CPU
		Release|Any CPU = Release|Any CPU
	EndGlobalSection
	GlobalSection(ProjectConfigurationPlatforms) = postSolution
		{D7FF17B9-BA49-49CA-B27E-F5AB79831E8A}.Debug|Any CPU.ActiveCfg = Debug|Any CPU
		{D7FF17B9-BA49-49CA-B27E-F5AB79831E8A}.Debug|Any CPU.Build.0 = Debug|Any CPU
		{D7FF17B9-BA49-49CA-B27E-F5AB79831E8A}.Release|Any CPU.ActiveCfg = Release|Any CPU
		{D7FF17B9-BA49-49CA-B27E-F5AB79831E8A}.Release|Any CPU.Build.0 = Release|Any CPU
	EndGlobalSection
	GlobalSection(SolutionProperties) = preSolution
		HideSolutionNode = FALSE
	EndGlobalSection
	GlobalSection(ExtensibilityGlobals) = postSolution
		SolutionGuid = {16E9DF07-44E8-42D8-997B-8D9696C9250C}
	EndGlobalSection
EndGlobal
