
Microsoft Visual Studio Solution File, Format Version 12.00
# Visual Studio Version 17
VisualStudioVersion = 17.10.35013.160
MinimumVisualStudioVersion = 10.0.40219.1
Project("{FAE04EC0-301F-11D3-BF4B-00C04F79EFBC}") = "Notepad++", "Notepad++.csproj", "{D3B9DC6B-91CB-488B-88F4-8EA638A0EE4A}"
EndProject
Global
	GlobalSection(SolutionConfigurationPlatforms) = preSolution
		Debug|Any CPU = Debug|Any CPU
		Release|Any CPU = Release|Any CPU
	EndGlobalSection
	GlobalSection(ProjectConfigurationPlatforms) = postSolution
		{D3B9DC6B-91CB-488B-88F4-8EA638A0EE4A}.Debug|Any CPU.ActiveCfg = Debug|Any CPU
		{D3B9DC6B-91CB-488B-88F4-8EA638A0EE4A}.Debug|Any CPU.Build.0 = Debug|Any CPU
		{D3B9DC6B-91CB-488B-88F4-8EA638A0EE4A}.Release|Any CPU.ActiveCfg = Release|Any CPU
		{D3B9DC6B-91CB-488B-88F4-8EA638A0EE4A}.Release|Any CPU.Build.0 = Release|Any CPU
	EndGlobalSection
	GlobalSection(SolutionProperties) = preSolution
		HideSolutionNode = FALSE
	EndGlobalSection
	GlobalSection(ExtensibilityGlobals) = postSolution
		SolutionGuid = {2632488C-8D13-4B8B-8B31-17A3C2D58CBE}
	EndGlobalSection
EndGlobal
