
Microsoft Visual Studio Solution File, Format Version 12.00
# Visual Studio Version 17
VisualStudioVersion = 17.10.35013.160
MinimumVisualStudioVersion = 10.0.40219.1
Project("{FAE04EC0-301F-11D3-BF4B-00C04F79EFBC}") = "ConsoleApp1", "ConsoleApp1.csproj", "{7B56702A-7B6C-4EAE-BF13-E28B74252324}"
EndProject
Global
	GlobalSection(SolutionConfigurationPlatforms) = preSolution
		Debug|Any CPU = Debug|Any CPU
		Release|Any CPU = Release|Any CPU
	EndGlobalSection
	GlobalSection(ProjectConfigurationPlatforms) = postSolution
		{7B56702A-7B6C-4EAE-BF13-E28B74252324}.Debug|Any CPU.ActiveCfg = Debug|Any CPU
		{7B56702A-7B6C-4EAE-BF13-E28B74252324}.Debug|Any CPU.Build.0 = Debug|Any CPU
		{7B56702A-7B6C-4EAE-BF13-E28B74252324}.Release|Any CPU.ActiveCfg = Release|Any CPU
		{7B56702A-7B6C-4EAE-BF13-E28B74252324}.Release|Any CPU.Build.0 = Release|Any CPU
	EndGlobalSection
	GlobalSection(SolutionProperties) = preSolution
		HideSolutionNode = FALSE
	EndGlobalSection
	GlobalSection(ExtensibilityGlobals) = postSolution
		SolutionGuid = {499C24AB-6F41-410E-9E16-99C65B0ABFFF}
	EndGlobalSection
EndGlobal
