
Microsoft Visual Studio Solution File, Format Version 12.00
# Visual Studio Version 17
VisualStudioVersion = 17.10.35013.160
MinimumVisualStudioVersion = 10.0.40219.1
Project("{FAE04EC0-301F-11D3-BF4B-00C04F79EFBC}") = "with-getset-property", "with-getset-property.csproj", "{8FC71980-7A2F-40EC-8BE2-0A80B5399AB2}"
EndProject
Global
	GlobalSection(SolutionConfigurationPlatforms) = preSolution
		Debug|Any CPU = Debug|Any CPU
		Release|Any CPU = Release|Any CPU
	EndGlobalSection
	GlobalSection(ProjectConfigurationPlatforms) = postSolution
		{8FC71980-7A2F-40EC-8BE2-0A80B5399AB2}.Debug|Any CPU.ActiveCfg = Debug|Any CPU
		{8FC71980-7A2F-40EC-8BE2-0A80B5399AB2}.Debug|Any CPU.Build.0 = Debug|Any CPU
		{8FC71980-7A2F-40EC-8BE2-0A80B5399AB2}.Release|Any CPU.ActiveCfg = Release|Any CPU
		{8FC71980-7A2F-40EC-8BE2-0A80B5399AB2}.Release|Any CPU.Build.0 = Release|Any CPU
	EndGlobalSection
	GlobalSection(SolutionProperties) = preSolution
		HideSolutionNode = FALSE
	EndGlobalSection
	GlobalSection(ExtensibilityGlobals) = postSolution
		SolutionGuid = {474FCFAA-2289-44D4-A5C6-42530148078F}
	EndGlobalSection
EndGlobal
