
Microsoft Visual Studio Solution File, Format Version 12.00
# Visual Studio Version 17
VisualStudioVersion = 17.10.34916.146
MinimumVisualStudioVersion = 10.0.40219.1
Project("{FAE04EC0-301F-11D3-BF4B-00C04F79EFBC}") = "latest", "latest.csproj", "{26D8AB7B-AB1C-40BA-8175-EF4E00B6CC8E}"
EndProject
Global
	GlobalSection(SolutionConfigurationPlatforms) = preSolution
		Debug|Any CPU = Debug|Any CPU
		Release|Any CPU = Release|Any CPU
	EndGlobalSection
	GlobalSection(ProjectConfigurationPlatforms) = postSolution
		{26D8AB7B-AB1C-40BA-8175-EF4E00B6CC8E}.Debug|Any CPU.ActiveCfg = Debug|Any CPU
		{26D8AB7B-AB1C-40BA-8175-EF4E00B6CC8E}.Debug|Any CPU.Build.0 = Debug|Any CPU
		{26D8AB7B-AB1C-40BA-8175-EF4E00B6CC8E}.Release|Any CPU.ActiveCfg = Release|Any CPU
		{26D8AB7B-AB1C-40BA-8175-EF4E00B6CC8E}.Release|Any CPU.Build.0 = Release|Any CPU
	EndGlobalSection
	GlobalSection(SolutionProperties) = preSolution
		HideSolutionNode = FALSE
	EndGlobalSection
	GlobalSection(ExtensibilityGlobals) = postSolution
		SolutionGuid = {323DDF60-01D6-4FA1-ABD9-4CC216958A26}
	EndGlobalSection
EndGlobal
